{
  "name": "paul4156-server",
  "version": "3.0.0",
  "lockfileVersion": 3,
  "requires": true,
  "packages": {
    "": {
      "name": "paul4156-server",
      "version": "3.0.0",
      "license": "MIT",
      "dependencies": {
        "paul4156-base": "2.0.0"
      }
    },
    "node_modules/paul4156-base": {
      "version": "2.0.0",
      "resolved": "https://registry.npmjs.org/paul4156-base/-/paul4156-base-2.0.0.tgz",
      "integrity": "sha512-5VSFhXPjqZp40Q2aUD70fxxEuZdtD7gpthkyAKaTt5ed4dVYBAUmCuxjjkkCKcuzneeSnuukbkgyaThmhsQP0g=="
    }
  }
}
