{
  "name": "paul4156-server",
  "version": "1.0.0",
  "lockfileVersion": 3,
  "requires": true,
  "packages": {
    "": {
      "name": "paul4156-server",
      "version": "1.0.0",
      "license": "MIT",
      "dependencies": {
        "paul4156-base": "^1.0.1"
      }
    },
    "node_modules/paul4156-base": {
      "version": "1.0.1",
      "resolved": "https://registry.npmjs.org/paul4156-base/-/paul4156-base-1.0.1.tgz",
      "integrity": "sha512-7J5L46N31pg8fRGQnn82yn8P9WtKH5kVIXOTYe9C5ukyaoKPF6m1+Q+9SXSCvEkKmCYDkuwizNpsNJSHBEzCSA=="
    }
  }
}
